
Microsoft Visual Studio Solution File, Format Version 12.00
# Visual Studio 2013
VisualStudioVersion = 12.0.31101.0
MinimumVisualStudioVersion = 10.0.40219.1
Project("{FAE04EC0-301F-11D3-BF4B-00C04F79EFBC}") = "ForgetTheMilk", "ForgetTheMilk\ForgetTheMilk.csproj", "{77C4A042-6387-473B-BCA3-D809602E21DF}"
EndProject
Project("{FAE04EC0-301F-11D3-BF4B-00C04F79EFBC}") = "ConsolVerification", "ConsolVerification\ConsolVerification.csproj", "{0C656786-05C9-4241-A3B1-D277E3666EF3}"
EndProject
Global
	GlobalSection(SolutionConfigurationPlatforms) = preSolution
		Debug|Any CPU = Debug|Any CPU
		Release|Any CPU = Release|Any CPU
	EndGlobalSection
	GlobalSection(ProjectConfigurationPlatforms) = postSolution
		{77C4A042-6387-473B-BCA3-D809602E21DF}.Debug|Any CPU.ActiveCfg = Debug|Any CPU
		{77C4A042-6387-473B-BCA3-D809602E21DF}.Debug|Any CPU.Build.0 = Debug|Any CPU
		{77C4A042-6387-473B-BCA3-D809602E21DF}.Release|Any CPU.ActiveCfg = Release|Any CPU
		{77C4A042-6387-473B-BCA3-D809602E21DF}.Release|Any CPU.Build.0 = Release|Any CPU
		{0C656786-05C9-4241-A3B1-D277E3666EF3}.Debug|Any CPU.ActiveCfg = Debug|Any CPU
		{0C656786-05C9-4241-A3B1-D277E3666EF3}.Debug|Any CPU.Build.0 = Debug|Any CPU
		{0C656786-05C9-4241-A3B1-D277E3666EF3}.Release|Any CPU.ActiveCfg = Release|Any CPU
		{0C656786-05C9-4241-A3B1-D277E3666EF3}.Release|Any CPU.Build.0 = Release|Any CPU
	EndGlobalSection
	GlobalSection(SolutionProperties) = preSolution
		HideSolutionNode = FALSE
	EndGlobalSection
EndGlobal
